# THIS IS AN AUTOGENERATED FILE. DO NOT EDIT THIS FILE DIRECTLY.
# yarn lockfile v1


js-ipfs@^0.0.301:
  version "0.0.301"
  resolved "https://registry.yarnpkg.com/js-ipfs/-/js-ipfs-0.0.301.tgz#446dc80e8cd06cfc10b98825720e8eeee6efebcd"
  integrity sha512-0MJ+ZuNaNF9Kf73Z5zKpNAvpkNij9bsk0h5E/ovSrxu8M12rBD19vbrMnO9uQtSQ1qIRZLtQRzWa82/AXGranw==
